
Microsoft Visual Studio Solution File, Format Version 12.00
# Visual Studio Version 16
VisualStudioVersion = 16.0.29102.190
MinimumVisualStudioVersion = 10.0.40219.1
Project("{FAE04EC0-301F-11D3-BF4B-00C04F79EFBC}") = "MySQL", "MySQL\MySQL.csproj", "{8E2DC1D1-EFA2-441A-9CD7-3995DBA1AB4B}"
EndProject
Global
	GlobalSection(SolutionConfigurationPlatforms) = preSolution
		Debug|Any CPU = Debug|Any CPU
		Release|Any CPU = Release|Any CPU
	EndGlobalSection
	GlobalSection(ProjectConfigurationPlatforms) = postSolution
		{8E2DC1D1-EFA2-441A-9CD7-3995DBA1AB4B}.Debug|Any CPU.ActiveCfg = Debug|Any CPU
		{8E2DC1D1-EFA2-441A-9CD7-3995DBA1AB4B}.Debug|Any CPU.Build.0 = Debug|Any CPU
		{8E2DC1D1-EFA2-441A-9CD7-3995DBA1AB4B}.Release|Any CPU.ActiveCfg = Release|Any CPU
		{8E2DC1D1-EFA2-441A-9CD7-3995DBA1AB4B}.Release|Any CPU.Build.0 = Release|Any CPU
	EndGlobalSection
	GlobalSection(SolutionProperties) = preSolution
		HideSolutionNode = FALSE
	EndGlobalSection
	GlobalSection(ExtensibilityGlobals) = postSolution
		SolutionGuid = {B0420D6A-C33F-4D91-857F-760060AF351A}
	EndGlobalSection
EndGlobal
